// !$*UTF8*$!
{
	archiveVersion = 1;
	classes = {
	};
	objectVersion = 52;
	objects = {

/* Begin PBXBuildFile section */
		129A763C25F176C3005770C4 /* DetailVC.swift in Sources */ = {isa = PBXBuildFile; fileRef = 129A763B25F176C3005770C4 /* DetailVC.swift */; };
		129A763F25F17B6A005770C4 /* ImageViewExtention.swift in Sources */ = {isa = PBXBuildFile; fileRef = 129A763E25F17B6A005770C4 /* ImageViewExtention.swift */; };
		12E72EB425EFFDA800543EAB /* AppDelegate.swift in Sources */ = {isa = PBXBuildFile; fileRef = 12E72EB325EFFDA800543EAB /* AppDelegate.swift */; };
		12E72EB625EFFDA800543EAB /* SceneDelegate.swift in Sources */ = {isa = PBXBuildFile; fileRef = 12E72EB525EFFDA800543EAB /* SceneDelegate.swift */; };
		12E72EB825EFFDA800543EAB /* MainVC.swift in Sources */ = {isa = PBXBuildFile; fileRef = 12E72EB725EFFDA800543EAB /* MainVC.swift */; };
		12E72EBB25EFFDA800543EAB /* Main.storyboard in Resources */ = {isa = PBXBuildFile; fileRef = 12E72EB925EFFDA800543EAB /* Main.storyboard */; };
		12E72EBD25EFFDA900543EAB /* Assets.xcassets in Resources */ = {isa = PBXBuildFile; fileRef = 12E72EBC25EFFDA900543EAB /* Assets.xcassets */; };
		12E72EC025EFFDA900543EAB /* LaunchScreen.storyboard in Resources */ = {isa = PBXBuildFile; fileRef = 12E72EBE25EFFDA900543EAB /* LaunchScreen.storyboard */; };
		12E72ECB25EFFE6900543EAB /* Realm in Frameworks */ = {isa = PBXBuildFile; productRef = 12E72ECA25EFFE6900543EAB /* Realm */; };
		12E72ECD25EFFE6900543EAB /* RealmSwift in Frameworks */ = {isa = PBXBuildFile; productRef = 12E72ECC25EFFE6900543EAB /* RealmSwift */; };
		12E72ED125EFFEAD00543EAB /* Alamofire in Frameworks */ = {isa = PBXBuildFile; productRef = 12E72ED025EFFEAD00543EAB /* Alamofire */; };
		12E72EDC25F0084C00543EAB /* SwiftyJSON in Frameworks */ = {isa = PBXBuildFile; productRef = 12E72EDB25F0084C00543EAB /* SwiftyJSON */; };
		12E72EE025F00CF400543EAB /* DataModel.swift in Sources */ = {isa = PBXBuildFile; fileRef = 12E72EDF25F00CF400543EAB /* DataModel.swift */; };
		12E72EE525F0327400543EAB /* CustomCell.swift in Sources */ = {isa = PBXBuildFile; fileRef = 12E72EE425F0327400543EAB /* CustomCell.swift */; };
		12E72EED25F0393600543EAB /* Kingfisher in Frameworks */ = {isa = PBXBuildFile; productRef = 12E72EEC25F0393600543EAB /* Kingfisher */; };
/* End PBXBuildFile section */

/* Begin PBXFileReference section */
		129A763B25F176C3005770C4 /* DetailVC.swift */ = {isa = PBXFileReference; lastKnownFileType = sourcecode.swift; path = DetailVC.swift; sourceTree = "<group>"; };
		129A763E25F17B6A005770C4 /* ImageViewExtention.swift */ = {isa = PBXFileReference; lastKnownFileType = sourcecode.swift; path = ImageViewExtention.swift; sourceTree = "<group>"; };
		12E72EB025EFFDA800543EAB /* Test Task Catch Cashback.app */ = {isa = PBXFileReference; explicitFileType = wrapper.application; includeInIndex = 0; path = "Test Task Catch Cashback.app"; sourceTree = BUILT_PRODUCTS_DIR; };
		12E72EB325EFFDA800543EAB /* AppDelegate.swift */ = {isa = PBXFileReference; lastKnownFileType = sourcecode.swift; path = AppDelegate.swift; sourceTree = "<group>"; };
		12E72EB525EFFDA800543EAB /* SceneDelegate.swift */ = {isa = PBXFileReference; lastKnownFileType = sourcecode.swift; path = SceneDelegate.swift; sourceTree = "<group>"; };
		12E72EB725EFFDA800543EAB /* MainVC.swift */ = {isa = PBXFileReference; lastKnownFileType = sourcecode.swift; path = MainVC.swift; sourceTree = "<group>"; };
		12E72EBA25EFFDA800543EAB /* Base */ = {isa = PBXFileReference; lastKnownFileType = file.storyboard; name = Base; path = Base.lproj/Main.storyboard; sourceTree = "<group>"; };
		12E72EBC25EFFDA900543EAB /* Assets.xcassets */ = {isa = PBXFileReference; lastKnownFileType = folder.assetcatalog; path = Assets.xcassets; sourceTree = "<group>"; };
		12E72EBF25EFFDA900543EAB /* Base */ = {isa = PBXFileReference; lastKnownFileType = file.storyboard; name = Base; path = Base.lproj/LaunchScreen.storyboard; sourceTree = "<group>"; };
		12E72EC125EFFDA900543EAB /* Info.plist */ = {isa = PBXFileReference; lastKnownFileType = text.plist.xml; path = Info.plist; sourceTree = "<group>"; };
		12E72EDF25F00CF400543EAB /* DataModel.swift */ = {isa = PBXFileReference; lastKnownFileType = sourcecode.swift; path = DataModel.swift; sourceTree = "<group>"; };
		12E72EE425F0327400543EAB /* CustomCell.swift */ = {isa = PBXFileReference; lastKnownFileType = sourcecode.swift; path = CustomCell.swift; sourceTree = "<group>"; };
/* End PBXFileReference section */

/* Begin PBXFrameworksBuildPhase section */
		12E72EAD25EFFDA800543EAB /* Frameworks */ = {
			isa = PBXFrameworksBuildPhase;
			buildActionMask = 2147483647;
			files = (
				12E72ED125EFFEAD00543EAB /* Alamofire in Frameworks */,
				12E72ECD25EFFE6900543EAB /* RealmSwift in Frameworks */,
				12E72EDC25F0084C00543EAB /* SwiftyJSON in Frameworks */,
				12E72ECB25EFFE6900543EAB /* Realm in Frameworks */,
				12E72EED25F0393600543EAB /* Kingfisher in Frameworks */,
			);
			runOnlyForDeploymentPostprocessing = 0;
		};
/* End PBXFrameworksBuildPhase section */

/* Begin PBXGroup section */
		12E72EA725EFFDA800543EAB = {
			isa = PBXGroup;
			children = (
				12E72EB225EFFDA800543EAB /* Test Task Catch Cashback */,
				12E72EB125EFFDA800543EAB /* Products */,
			);
			sourceTree = "<group>";
		};
		12E72EB125EFFDA800543EAB /* Products */ = {
			isa = PBXGroup;
			children = (
				12E72EB025EFFDA800543EAB /* Test Task Catch Cashback.app */,
			);
			name = Products;
			sourceTree = "<group>";
		};
		12E72EB225EFFDA800543EAB /* Test Task Catch Cashback */ = {
			isa = PBXGroup;
			children = (
				12E72EDE25F00CCF00543EAB /* Model */,
				12E72EE325F0323200543EAB /* View */,
				12E72EE825F0328600543EAB /* Controller */,
				12E72EB325EFFDA800543EAB /* AppDelegate.swift */,
				12E72EB525EFFDA800543EAB /* SceneDelegate.swift */,
				12E72EB925EFFDA800543EAB /* Main.storyboard */,
				12E72EBC25EFFDA900543EAB /* Assets.xcassets */,
				12E72EBE25EFFDA900543EAB /* LaunchScreen.storyboard */,
				12E72EC125EFFDA900543EAB /* Info.plist */,
			);
			path = "Test Task Catch Cashback";
			sourceTree = "<group>";
		};
		12E72EDE25F00CCF00543EAB /* Model */ = {
			isa = PBXGroup;
			children = (
				12E72EDF25F00CF400543EAB /* DataModel.swift */,
			);
			path = Model;
			sourceTree = "<group>";
		};
		12E72EE325F0323200543EAB /* View */ = {
			isa = PBXGroup;
			children = (
				12E72EE425F0327400543EAB /* CustomCell.swift */,
				129A763E25F17B6A005770C4 /* ImageViewExtention.swift */,
			);
			path = View;
			sourceTree = "<group>";
		};
		12E72EE825F0328600543EAB /* Controller */ = {
			isa = PBXGroup;
			children = (
				12E72EB725EFFDA800543EAB /* MainVC.swift */,
				129A763B25F176C3005770C4 /* DetailVC.swift */,
			);
			path = Controller;
			sourceTree = "<group>";
		};
/* End PBXGroup section */

/* Begin PBXNativeTarget section */
		12E72EAF25EFFDA800543EAB /* Test Task Catch Cashback */ = {
			isa = PBXNativeTarget;
			buildConfigurationList = 12E72EC425EFFDA900543EAB /* Build configuration list for PBXNativeTarget "Test Task Catch Cashback" */;
			buildPhases = (
				12E72EAC25EFFDA800543EAB /* Sources */,
				12E72EAD25EFFDA800543EAB /* Frameworks */,
				12E72EAE25EFFDA800543EAB /* Resources */,
			);
			buildRules = (
			);
			dependencies = (
			);
			name = "Test Task Catch Cashback";
			packageProductDependencies = (
				12E72ECA25EFFE6900543EAB /* Realm */,
				12E72ECC25EFFE6900543EAB /* RealmSwift */,
				12E72ED025EFFEAD00543EAB /* Alamofire */,
				12E72EDB25F0084C00543EAB /* SwiftyJSON */,
				12E72EEC25F0393600543EAB /* Kingfisher */,
			);
			productName = "Test Task Catch Cashback";
			productReference = 12E72EB025EFFDA800543EAB /* Test Task Catch Cashback.app */;
			productType = "com.apple.product-type.application";
		};
/* End PBXNativeTarget section */

/* Begin PBXProject section */
		12E72EA825EFFDA800543EAB /* Project object */ = {
			isa = PBXProject;
			attributes = {
				LastSwiftUpdateCheck = 1240;
				LastUpgradeCheck = 1240;
				TargetAttributes = {
					12E72EAF25EFFDA800543EAB = {
						CreatedOnToolsVersion = 12.4;
					};
				};
			};
			buildConfigurationList = 12E72EAB25EFFDA800543EAB /* Build configuration list for PBXProject "Test Task Catch Cashback" */;
			compatibilityVersion = "Xcode 9.3";
			developmentRegion = en;
			hasScannedForEncodings = 0;
			knownRegions = (
				en,
				Base,
			);
			mainGroup = 12E72EA725EFFDA800543EAB;
			packageReferences = (
				12E72EC925EFFE6900543EAB /* XCRemoteSwiftPackageReference "realm-cocoa" */,
				12E72ECF25EFFEAD00543EAB /* XCRemoteSwiftPackageReference "Alamofire" */,
				12E72EDA25F0084C00543EAB /* XCRemoteSwiftPackageReference "SwiftyJSON" */,
				12E72EEB25F0393600543EAB /* XCRemoteSwiftPackageReference "Kingfisher" */,
			);
			productRefGroup = 12E72EB125EFFDA800543EAB /* Products */;
			projectDirPath = "";
			projectRoot = "";
			targets = (
				12E72EAF25EFFDA800543EAB /* Test Task Catch Cashback */,
			);
		};
/* End PBXProject section */

/* Begin PBXResourcesBuildPhase section */
		12E72EAE25EFFDA800543EAB /* Resources */ = {
			isa = PBXResourcesBuildPhase;
			buildActionMask = 2147483647;
			files = (
				12E72EC025EFFDA900543EAB /* LaunchScreen.storyboard in Resources */,
				12E72EBD25EFFDA900543EAB /* Assets.xcassets in Resources */,
				12E72EBB25EFFDA800543EAB /* Main.storyboard in Resources */,
			);
			runOnlyForDeploymentPostprocessing = 0;
		};
/* End PBXResourcesBuildPhase section */

/* Begin PBXSourcesBuildPhase section */
		12E72EAC25EFFDA800543EAB /* Sources */ = {
			isa = PBXSourcesBuildPhase;
			buildActionMask = 2147483647;
			files = (
				12E72EE025F00CF400543EAB /* DataModel.swift in Sources */,
				12E72EB825EFFDA800543EAB /* MainVC.swift in Sources */,
				12E72EB425EFFDA800543EAB /* AppDelegate.swift in Sources */,
				129A763F25F17B6A005770C4 /* ImageViewExtention.swift in Sources */,
				12E72EE525F0327400543EAB /* CustomCell.swift in Sources */,
				12E72EB625EFFDA800543EAB /* SceneDelegate.swift in Sources */,
				129A763C25F176C3005770C4 /* DetailVC.swift in Sources */,
			);
			runOnlyForDeploymentPostprocessing = 0;
		};
/* End PBXSourcesBuildPhase section */

/* Begin PBXVariantGroup section */
		12E72EB925EFFDA800543EAB /* Main.storyboard */ = {
			isa = PBXVariantGroup;
			children = (
				12E72EBA25EFFDA800543EAB /* Base */,
			);
			name = Main.storyboard;
			sourceTree = "<group>";
		};
		12E72EBE25EFFDA900543EAB /* LaunchScreen.storyboard */ = {
			isa = PBXVariantGroup;
			children = (
				12E72EBF25EFFDA900543EAB /* Base */,
			);
			name = LaunchScreen.storyboard;
			sourceTree = "<group>";
		};
/* End PBXVariantGroup section */

/* Begin XCBuildConfiguration section */
		12E72EC225EFFDA900543EAB /* Debug */ = {
			isa = XCBuildConfiguration;
			buildSettings = {
				ALWAYS_SEARCH_USER_PATHS = NO;
				CLANG_ANALYZER_NONNULL = YES;
				CLANG_ANALYZER_NUMBER_OBJECT_CONVERSION = YES_AGGRESSIVE;
				CLANG_CXX_LANGUAGE_STANDARD = "gnu++14";
				CLANG_CXX_LIBRARY = "libc++";
				CLANG_ENABLE_MODULES = YES;
				CLANG_ENABLE_OBJC_ARC = YES;
				CLANG_ENABLE_OBJC_WEAK = YES;
				CLANG_WARN_BLOCK_CAPTURE_AUTORELEASING = YES;
				CLANG_WARN_BOOL_CONVERSION = YES;
				CLANG_WARN_COMMA = YES;
				CLANG_WARN_CONSTANT_CONVERSION = YES;
				CLANG_WARN_DEPRECATED_OBJC_IMPLEMENTATIONS = YES;
				CLANG_WARN_DIRECT_OBJC_ISA_USAGE = YES_ERROR;
				CLANG_WARN_DOCUMENTATION_COMMENTS = YES;
				CLANG_WARN_EMPTY_BODY = YES;
				CLANG_WARN_ENUM_CONVERSION = YES;
				CLANG_WARN_INFINITE_RECURSION = YES;
				CLANG_WARN_INT_CONVERSION = YES;
				CLANG_WARN_NON_LITERAL_NULL_CONVERSION = YES;
				CLANG_WARN_OBJC_IMPLICIT_RETAIN_SELF = YES;
				CLANG_WARN_OBJC_LITERAL_CONVERSION = YES;
				CLANG_WARN_OBJC_ROOT_CLASS = YES_ERROR;
				CLANG_WARN_QUOTED_INCLUDE_IN_FRAMEWORK_HEADER = YES;
				CLANG_WARN_RANGE_LOOP_ANALYSIS = YES;
				CLANG_WARN_STRICT_PROTOTYPES = YES;
				CLANG_WARN_SUSPICIOUS_MOVE = YES;
				CLANG_WARN_UNGUARDED_AVAILABILITY = YES_AGGRESSIVE;
				CLANG_WARN_UNREACHABLE_CODE = YES;
				CLANG_WARN__DUPLICATE_METHOD_MATCH = YES;
				COPY_PHASE_STRIP = NO;
				DEBUG_INFORMATION_FORMAT = dwarf;
				ENABLE_STRICT_OBJC_MSGSEND = YES;
				ENABLE_TESTABILITY = YES;
				GCC_C_LANGUAGE_STANDARD = gnu11;
				GCC_DYNAMIC_NO_PIC = NO;
				GCC_NO_COMMON_BLOCKS = YES;
				GCC_OPTIMIZATION_LEVEL = 0;
				GCC_PREPROCESSOR_DEFINITIONS = (
					"DEBUG=1",
					"$(inherited)",
				);
				GCC_WARN_64_TO_32_BIT_CONVERSION = YES;
				GCC_WARN_ABOUT_RETURN_TYPE = YES_ERROR;
				GCC_WARN_UNDECLARED_SELECTOR = YES;
				GCC_WARN_UNINITIALIZED_AUTOS = YES_AGGRESSIVE;
				GCC_WARN_UNUSED_FUNCTION = YES;
				GCC_WARN_UNUSED_VARIABLE = YES;
				IPHONEOS_DEPLOYMENT_TARGET = 14.4;
				MTL_ENABLE_DEBUG_INFO = INCLUDE_SOURCE;
				MTL_FAST_MATH = YES;
				ONLY_ACTIVE_ARCH = YES;
				SDKROOT = iphoneos;
				SWIFT_ACTIVE_COMPILATION_CONDITIONS = DEBUG;
				SWIFT_OPTIMIZATION_LEVEL = "-Onone";
			};
			name = Debug;
		};
		12E72EC325EFFDA900543EAB /* Release */ = {
			isa = XCBuildConfiguration;
			buildSettings = {
				ALWAYS_SEARCH_USER_PATHS = NO;
				CLANG_ANALYZER_NONNULL = YES;
				CLANG_ANALYZER_NUMBER_OBJECT_CONVERSION = YES_AGGRESSIVE;
				CLANG_CXX_LANGUAGE_STANDARD = "gnu++14";
				CLANG_CXX_LIBRARY = "libc++";
				CLANG_ENABLE_MODULES = YES;
				CLANG_ENABLE_OBJC_ARC = YES;
				CLANG_ENABLE_OBJC_WEAK = YES;
				CLANG_WARN_BLOCK_CAPTURE_AUTORELEASING = YES;
				CLANG_WARN_BOOL_CONVERSION = YES;
				CLANG_WARN_COMMA = YES;
				CLANG_WARN_CONSTANT_CONVERSION = YES;
				CLANG_WARN_DEPRECATED_OBJC_IMPLEMENTATIONS = YES;
				CLANG_WARN_DIRECT_OBJC_ISA_USAGE = YES_ERROR;
				CLANG_WARN_DOCUMENTATION_COMMENTS = YES;
				CLANG_WARN_EMPTY_BODY = YES;
				CLANG_WARN_ENUM_CONVERSION = YES;
				CLANG_WARN_INFINITE_RECURSION = YES;
				CLANG_WARN_INT_CONVERSION = YES;
				CLANG_WARN_NON_LITERAL_NULL_CONVERSION = YES;
				CLANG_WARN_OBJC_IMPLICIT_RETAIN_SELF = YES;
				CLANG_WARN_OBJC_LITERAL_CONVERSION = YES;
				CLANG_WARN_OBJC_ROOT_CLASS = YES_ERROR;
				CLANG_WARN_QUOTED_INCLUDE_IN_FRAMEWORK_HEADER = YES;
				CLANG_WARN_RANGE_LOOP_ANALYSIS = YES;
				CLANG_WARN_STRICT_PROTOTYPES = YES;
				CLANG_WARN_SUSPICIOUS_MOVE = YES;
				CLANG_WARN_UNGUARDED_AVAILABILITY = YES_AGGRESSIVE;
				CLANG_WARN_UNREACHABLE_CODE = YES;
				CLANG_WARN__DUPLICATE_METHOD_MATCH = YES;
				COPY_PHASE_STRIP = NO;
				DEBUG_INFORMATION_FORMAT = "dwarf-with-dsym";
				ENABLE_NS_ASSERTIONS = NO;
				ENABLE_STRICT_OBJC_MSGSEND = YES;
				GCC_C_LANGUAGE_STANDARD = gnu11;
				GCC_NO_COMMON_BLOCKS = YES;
				GCC_WARN_64_TO_32_BIT_CONVERSION = YES;
				GCC_WARN_ABOUT_RETURN_TYPE = YES_ERROR;
				GCC_WARN_UNDECLARED_SELECTOR = YES;
				GCC_WARN_UNINITIALIZED_AUTOS = YES_AGGRESSIVE;
				GCC_WARN_UNUSED_FUNCTION = YES;
				GCC_WARN_UNUSED_VARIABLE = YES;
				IPHONEOS_DEPLOYMENT_TARGET = 14.4;
				MTL_ENABLE_DEBUG_INFO = NO;
				MTL_FAST_MATH = YES;
				SDKROOT = iphoneos;
				SWIFT_COMPILATION_MODE = wholemodule;
				SWIFT_OPTIMIZATION_LEVEL = "-O";
				VALIDATE_PRODUCT = YES;
			};
			name = Release;
		};
		12E72EC525EFFDA900543EAB /* Debug */ = {
			isa = XCBuildConfiguration;
			buildSettings = {
				ASSETCATALOG_COMPILER_APPICON_NAME = AppIcon;
				ASSETCATALOG_COMPILER_GLOBAL_ACCENT_COLOR_NAME = AccentColor;
				CODE_SIGN_STYLE = Automatic;
				DEVELOPMENT_TEAM = 5YZEB9WTWN;
				INFOPLIST_FILE = "Test Task Catch Cashback/Info.plist";
				LD_RUNPATH_SEARCH_PATHS = (
					"$(inherited)",
					"@executable_path/Frameworks",
				);
				PRODUCT_BUNDLE_IDENTIFIER = "ru.yandex-sa4kov.dmitry.Test-Task-Catch-Cashback";
				PRODUCT_NAME = "$(TARGET_NAME)";
				SWIFT_VERSION = 5.0;
				TARGETED_DEVICE_FAMILY = 1;
			};
			name = Debug;
		};
		12E72EC625EFFDA900543EAB /* Release */ = {
			isa = XCBuildConfiguration;
			buildSettings = {
				ASSETCATALOG_COMPILER_APPICON_NAME = AppIcon;
				ASSETCATALOG_COMPILER_GLOBAL_ACCENT_COLOR_NAME = AccentColor;
				CODE_SIGN_STYLE = Automatic;
				DEVELOPMENT_TEAM = 5YZEB9WTWN;
				INFOPLIST_FILE = "Test Task Catch Cashback/Info.plist";
				LD_RUNPATH_SEARCH_PATHS = (
					"$(inherited)",
					"@executable_path/Frameworks",
				);
				PRODUCT_BUNDLE_IDENTIFIER = "ru.yandex-sa4kov.dmitry.Test-Task-Catch-Cashback";
				PRODUCT_NAME = "$(TARGET_NAME)";
				SWIFT_VERSION = 5.0;
				TARGETED_DEVICE_FAMILY = 1;
			};
			name = Release;
		};
/* End XCBuildConfiguration section */

/* Begin XCConfigurationList section */
		12E72EAB25EFFDA800543EAB /* Build configuration list for PBXProject "Test Task Catch Cashback" */ = {
			isa = XCConfigurationList;
			buildConfigurations = (
				12E72EC225EFFDA900543EAB /* Debug */,
				12E72EC325EFFDA900543EAB /* Release */,
			);
			defaultConfigurationIsVisible = 0;
			defaultConfigurationName = Release;
		};
		12E72EC425EFFDA900543EAB /* Build configuration list for PBXNativeTarget "Test Task Catch Cashback" */ = {
			isa = XCConfigurationList;
			buildConfigurations = (
				12E72EC525EFFDA900543EAB /* Debug */,
				12E72EC625EFFDA900543EAB /* Release */,
			);
			defaultConfigurationIsVisible = 0;
			defaultConfigurationName = Release;
		};
/* End XCConfigurationList section */

/* Begin XCRemoteSwiftPackageReference section */
		12E72EC925EFFE6900543EAB /* XCRemoteSwiftPackageReference "realm-cocoa" */ = {
			isa = XCRemoteSwiftPackageReference;
			repositoryURL = "https://github.com/realm/realm-cocoa";
			requirement = {
				kind = upToNextMajorVersion;
				minimumVersion = 10.7.0;
			};
		};
		12E72ECF25EFFEAD00543EAB /* XCRemoteSwiftPackageReference "Alamofire" */ = {
			isa = XCRemoteSwiftPackageReference;
			repositoryURL = "https://github.com/Alamofire/Alamofire";
			requirement = {
				kind = upToNextMajorVersion;
				minimumVersion = 5.4.1;
			};
		};
		12E72EDA25F0084C00543EAB /* XCRemoteSwiftPackageReference "SwiftyJSON" */ = {
			isa = XCRemoteSwiftPackageReference;
			repositoryURL = "https://github.com/SwiftyJSON/SwiftyJSON";
			requirement = {
				kind = upToNextMajorVersion;
				minimumVersion = 5.0.0;
			};
		};
		12E72EEB25F0393600543EAB /* XCRemoteSwiftPackageReference "Kingfisher" */ = {
			isa = XCRemoteSwiftPackageReference;
			repositoryURL = "https://github.com/onevcat/Kingfisher";
			requirement = {
				kind = upToNextMajorVersion;
				minimumVersion = 6.1.1;
			};
		};
/* End XCRemoteSwiftPackageReference section */

/* Begin XCSwiftPackageProductDependency section */
		12E72ECA25EFFE6900543EAB /* Realm */ = {
			isa = XCSwiftPackageProductDependency;
			package = 12E72EC925EFFE6900543EAB /* XCRemoteSwiftPackageReference "realm-cocoa" */;
			productName = Realm;
		};
		12E72ECC25EFFE6900543EAB /* RealmSwift */ = {
			isa = XCSwiftPackageProductDependency;
			package = 12E72EC925EFFE6900543EAB /* XCRemoteSwiftPackageReference "realm-cocoa" */;
			productName = RealmSwift;
		};
		12E72ED025EFFEAD00543EAB /* Alamofire */ = {
			isa = XCSwiftPackageProductDependency;
			package = 12E72ECF25EFFEAD00543EAB /* XCRemoteSwiftPackageReference "Alamofire" */;
			productName = Alamofire;
		};
		12E72EDB25F0084C00543EAB /* SwiftyJSON */ = {
			isa = XCSwiftPackageProductDependency;
			package = 12E72EDA25F0084C00543EAB /* XCRemoteSwiftPackageReference "SwiftyJSON" */;
			productName = SwiftyJSON;
		};
		12E72EEC25F0393600543EAB /* Kingfisher */ = {
			isa = XCSwiftPackageProductDependency;
			package = 12E72EEB25F0393600543EAB /* XCRemoteSwiftPackageReference "Kingfisher" */;
			productName = Kingfisher;
		};
/* End XCSwiftPackageProductDependency section */
	};
	rootObject = 12E72EA825EFFDA800543EAB /* Project object */;
}
